// !$*UTF8*$!
{
	archiveVersion = 1;
	classes = {
	};
	objectVersion = 46;
	objects = {

/* Begin PBXBuildFile section */
		93684159183AF25B00A63472 /* StrategyViewController.m in Sources */ = {isa = PBXBuildFile; fileRef = 93684158183AF25B00A63472 /* StrategyViewController.m */; };
		9368415C183AF34800A63472 /* NotificationsViewController.m in Sources */ = {isa = PBXBuildFile; fileRef = 9368415B183AF34800A63472 /* NotificationsViewController.m */; };
		9368415F183AF41A00A63472 /* MoreViewController.m in Sources */ = {isa = PBXBuildFile; fileRef = 9368415E183AF41A00A63472 /* MoreViewController.m */; };
		93684162183AF46000A63472 /* InfoViewController.m in Sources */ = {isa = PBXBuildFile; fileRef = 93684161183AF46000A63472 /* InfoViewController.m */; };
		9368416E183AFBE400A63472 /* GuidanceTabIcon.png in Resources */ = {isa = PBXBuildFile; fileRef = 9368416A183AFBE400A63472 /* GuidanceTabIcon.png */; };
		9368416F183AFBE400A63472 /* InfoTabIcon.png in Resources */ = {isa = PBXBuildFile; fileRef = 9368416B183AFBE400A63472 /* InfoTabIcon.png */; };
		93684170183AFBE400A63472 /* MoreTabIcon.png in Resources */ = {isa = PBXBuildFile; fileRef = 9368416C183AFBE400A63472 /* MoreTabIcon.png */; };
		93684171183AFBE400A63472 /* StrategyTabIcon.png in Resources */ = {isa = PBXBuildFile; fileRef = 9368416D183AFBE400A63472 /* StrategyTabIcon.png */; };
		93684173183AFCAB00A63472 /* NotificationsTabIcon.png in Resources */ = {isa = PBXBuildFile; fileRef = 93684172183AFCAB00A63472 /* NotificationsTabIcon.png */; };
		93684179183B00A100A63472 /* GuidanceTabIcon@2x.png in Resources */ = {isa = PBXBuildFile; fileRef = 93684174183B00A100A63472 /* GuidanceTabIcon@2x.png */; };
		9368417A183B00A100A63472 /* InfoTabIcon@2x.png in Resources */ = {isa = PBXBuildFile; fileRef = 93684175183B00A100A63472 /* InfoTabIcon@2x.png */; };
		9368417B183B00A100A63472 /* MoreTabIcon@2x.png in Resources */ = {isa = PBXBuildFile; fileRef = 93684176183B00A100A63472 /* MoreTabIcon@2x.png */; };
		9368417C183B00A100A63472 /* NotificationsTabIcon@2x.png in Resources */ = {isa = PBXBuildFile; fileRef = 93684177183B00A100A63472 /* NotificationsTabIcon@2x.png */; };
		9368417D183B00A100A63472 /* StrategyTabIcon@2x.png in Resources */ = {isa = PBXBuildFile; fileRef = 93684178183B00A100A63472 /* StrategyTabIcon@2x.png */; };
		938D4403183BAB2300608668 /* NotificationsTableCell.m in Sources */ = {isa = PBXBuildFile; fileRef = 938D4402183BAB2300608668 /* NotificationsTableCell.m */; };
		938D4407183BAB9800608668 /* NotificationsTableCell.xib in Resources */ = {isa = PBXBuildFile; fileRef = 938D4406183BAB9800608668 /* NotificationsTableCell.xib */; };
		938D440D183BAC4500608668 /* pushdetailbg.png in Resources */ = {isa = PBXBuildFile; fileRef = 938D4409183BAC4500608668 /* pushdetailbg.png */; };
		938D440E183BAC4500608668 /* pushdetailbg@2x.png in Resources */ = {isa = PBXBuildFile; fileRef = 938D440A183BAC4500608668 /* pushdetailbg@2x.png */; };
		938D440F183BAC4500608668 /* pushlogo.png in Resources */ = {isa = PBXBuildFile; fileRef = 938D440B183BAC4500608668 /* pushlogo.png */; };
		938D4410183BAC4500608668 /* pushmessagebg.png in Resources */ = {isa = PBXBuildFile; fileRef = 938D440C183BAC4500608668 /* pushmessagebg.png */; };
		938D4414183BB15100608668 /* DetailMessageInfoView.xib in Resources */ = {isa = PBXBuildFile; fileRef = 938D4411183BB15100608668 /* DetailMessageInfoView.xib */; };
		938D4415183BB15100608668 /* DetailMessageInfoViewController.m in Sources */ = {isa = PBXBuildFile; fileRef = 938D4413183BB15100608668 /* DetailMessageInfoViewController.m */; };
		939146A61835C472004C4AAE /* UIKit.framework in Frameworks */ = {isa = PBXBuildFile; fileRef = 939146A51835C472004C4AAE /* UIKit.framework */; };
		939146A81835C472004C4AAE /* Foundation.framework in Frameworks */ = {isa = PBXBuildFile; fileRef = 939146A71835C472004C4AAE /* Foundation.framework */; };
		939146AA1835C472004C4AAE /* CoreGraphics.framework in Frameworks */ = {isa = PBXBuildFile; fileRef = 939146A91835C472004C4AAE /* CoreGraphics.framework */; };
		939146D81835C472004C4AAE /* SenTestingKit.framework in Frameworks */ = {isa = PBXBuildFile; fileRef = 939146D71835C472004C4AAE /* SenTestingKit.framework */; };
		939146D91835C472004C4AAE /* UIKit.framework in Frameworks */ = {isa = PBXBuildFile; fileRef = 939146A51835C472004C4AAE /* UIKit.framework */; };
		939146DA1835C472004C4AAE /* Foundation.framework in Frameworks */ = {isa = PBXBuildFile; fileRef = 939146A71835C472004C4AAE /* Foundation.framework */; };
		939146E21835C472004C4AAE /* InfoPlist.strings in Resources */ = {isa = PBXBuildFile; fileRef = 939146E01835C472004C4AAE /* InfoPlist.strings */; };
		939146E51835C472004C4AAE /* JobsCenterTests.m in Sources */ = {isa = PBXBuildFile; fileRef = 939146E41835C472004C4AAE /* JobsCenterTests.m */; };
		939146FD1835C544004C4AAE /* Default-568h@2x.png in Resources */ = {isa = PBXBuildFile; fileRef = 939146F61835C544004C4AAE /* Default-568h@2x.png */; };
		939146FE1835C544004C4AAE /* Default.png in Resources */ = {isa = PBXBuildFile; fileRef = 939146F71835C544004C4AAE /* Default.png */; };
		939146FF1835C544004C4AAE /* Default@2x.png in Resources */ = {isa = PBXBuildFile; fileRef = 939146F81835C544004C4AAE /* Default@2x.png */; };
		939147001835C544004C4AAE /* first.png in Resources */ = {isa = PBXBuildFile; fileRef = 939146F91835C544004C4AAE /* first.png */; };
		939147011835C544004C4AAE /* first@2x.png in Resources */ = {isa = PBXBuildFile; fileRef = 939146FA1835C544004C4AAE /* first@2x.png */; };
		939147021835C544004C4AAE /* second.png in Resources */ = {isa = PBXBuildFile; fileRef = 939146FB1835C544004C4AAE /* second.png */; };
		939147031835C544004C4AAE /* second@2x.png in Resources */ = {isa = PBXBuildFile; fileRef = 939146FC1835C544004C4AAE /* second@2x.png */; };
		93A7EC9C1839EE65007835BB /* EGORefreshTableHeaderView.m in Sources */ = {isa = PBXBuildFile; fileRef = 93A7EC9B1839EE65007835BB /* EGORefreshTableHeaderView.m */; settings = {COMPILER_FLAGS = "-fno-objc-arc"; }; };
		93A7ECAB183A0470007835BB /* EnLoadingMoreView.m in Sources */ = {isa = PBXBuildFile; fileRef = 93A7ECAA183A0470007835BB /* EnLoadingMoreView.m */; };
		93A7ECAE183A4C7A007835BB /* GuidanceViewController.m in Sources */ = {isa = PBXBuildFile; fileRef = 93A7ECAD183A4C7A007835BB /* GuidanceViewController.m */; };
		93A7ECB3183A4D41007835BB /* Jobs_RENDAAppDelegate.m in Sources */ = {isa = PBXBuildFile; fileRef = 93A7ECB0183A4D41007835BB /* Jobs_RENDAAppDelegate.m */; };
		93A7ECB4183A4D41007835BB /* MainStoryboard_iPad.storyboard in Resources */ = {isa = PBXBuildFile; fileRef = 93A7ECB1183A4D41007835BB /* MainStoryboard_iPad.storyboard */; };
		93A7ECB5183A4D41007835BB /* MainStoryboard_iPhone.storyboard in Resources */ = {isa = PBXBuildFile; fileRef = 93A7ECB2183A4D41007835BB /* MainStoryboard_iPhone.storyboard */; };
		93FA0C571837523700C5EDC4 /* InfoPlist.strings in Resources */ = {isa = PBXBuildFile; fileRef = 93FA0C4F1837523700C5EDC4 /* InfoPlist.strings */; };
		93FA0C591837523700C5EDC4 /* JobsCenter-Info.plist in Resources */ = {isa = PBXBuildFile; fileRef = 93FA0C521837523700C5EDC4 /* JobsCenter-Info.plist */; };
		93FA0C5A1837523700C5EDC4 /* main.m in Sources */ = {isa = PBXBuildFile; fileRef = 93FA0C541837523700C5EDC4 /* main.m */; };
		93FA0C5F1837C41500C5EDC4 /* InfoURLHelper.m in Resources */ = {isa = PBXBuildFile; fileRef = 93FA0C5E1837C41500C5EDC4 /* InfoURLHelper.m */; };
		93FA0C801837D43F00C5EDC4 /* blackArrow.png in Resources */ = {isa = PBXBuildFile; fileRef = 93FA0C7C1837D43F00C5EDC4 /* blackArrow.png */; };
		93FA0C811837D43F00C5EDC4 /* blackArrow@2x.png in Resources */ = {isa = PBXBuildFile; fileRef = 93FA0C7D1837D43F00C5EDC4 /* blackArrow@2x.png */; };
		93FA0C821837D43F00C5EDC4 /* blueArrow.png in Resources */ = {isa = PBXBuildFile; fileRef = 93FA0C7E1837D43F00C5EDC4 /* blueArrow.png */; };
		93FA0C831837D43F00C5EDC4 /* blueArrow@2x.png in Resources */ = {isa = PBXBuildFile; fileRef = 93FA0C7F1837D43F00C5EDC4 /* blueArrow@2x.png */; };
		93FA0C861837D44B00C5EDC4 /* grayArrow.png in Resources */ = {isa = PBXBuildFile; fileRef = 93FA0C841837D44B00C5EDC4 /* grayArrow.png */; };
		93FA0C871837D44B00C5EDC4 /* grayArrow@2x.png in Resources */ = {isa = PBXBuildFile; fileRef = 93FA0C851837D44B00C5EDC4 /* grayArrow@2x.png */; };
		93FA0C8A1837D45500C5EDC4 /* whiteArrow.png in Resources */ = {isa = PBXBuildFile; fileRef = 93FA0C881837D45500C5EDC4 /* whiteArrow.png */; };
		93FA0C8B1837D45500C5EDC4 /* whiteArrow@2x.png in Resources */ = {isa = PBXBuildFile; fileRef = 93FA0C891837D45500C5EDC4 /* whiteArrow@2x.png */; };
		93FA0C8D1837D6AE00C5EDC4 /* QuartzCore.framework in Frameworks */ = {isa = PBXBuildFile; fileRef = 93FA0C8C1837D6AE00C5EDC4 /* QuartzCore.framework */; };
/* End PBXBuildFile section */

/* Begin PBXContainerItemProxy section */
		939146DB1835C472004C4AAE /* PBXContainerItemProxy */ = {
			isa = PBXContainerItemProxy;
			containerPortal = 9391469A1835C472004C4AAE /* Project object */;
			proxyType = 1;
			remoteGlobalIDString = 939146A11835C472004C4AAE;
			remoteInfo = JobsCenter;
		};
/* End PBXContainerItemProxy section */

/* Begin PBXFileReference section */
		93684157183AF25B00A63472 /* StrategyViewController.h */ = {isa = PBXFileReference; fileEncoding = 4; lastKnownFileType = sourcecode.c.h; name = StrategyViewController.h; path = StrategyTab/StrategyViewController.h; sourceTree = "<group>"; };
		93684158183AF25B00A63472 /* StrategyViewController.m */ = {isa = PBXFileReference; fileEncoding = 4; lastKnownFileType = sourcecode.c.objc; name = StrategyViewController.m; path = StrategyTab/StrategyViewController.m; sourceTree = "<group>"; };
		9368415A183AF34800A63472 /* NotificationsViewController.h */ = {isa = PBXFileReference; fileEncoding = 4; lastKnownFileType = sourcecode.c.h; name = NotificationsViewController.h; path = NotificationsTab/NotificationsViewController.h; sourceTree = "<group>"; };
		9368415B183AF34800A63472 /* NotificationsViewController.m */ = {isa = PBXFileReference; fileEncoding = 4; lastKnownFileType = sourcecode.c.objc; name = NotificationsViewController.m; path = NotificationsTab/NotificationsViewController.m; sourceTree = "<group>"; };
		9368415D183AF41A00A63472 /* MoreViewController.h */ = {isa = PBXFileReference; fileEncoding = 4; lastKnownFileType = sourcecode.c.h; name = MoreViewController.h; path = MoreTab/MoreViewController.h; sourceTree = "<group>"; };
		9368415E183AF41A00A63472 /* MoreViewController.m */ = {isa = PBXFileReference; fileEncoding = 4; lastKnownFileType = sourcecode.c.objc; name = MoreViewController.m; path = MoreTab/MoreViewController.m; sourceTree = "<group>"; };
		93684160183AF46000A63472 /* InfoViewController.h */ = {isa = PBXFileReference; fileEncoding = 4; lastKnownFileType = sourcecode.c.h; name = InfoViewController.h; path = InfoTab/InfoViewController.h; sourceTree = "<group>"; };
		93684161183AF46000A63472 /* InfoViewController.m */ = {isa = PBXFileReference; fileEncoding = 4; lastKnownFileType = sourcecode.c.objc; name = InfoViewController.m; path = InfoTab/InfoViewController.m; sourceTree = "<group>"; };
		9368416A183AFBE400A63472 /* GuidanceTabIcon.png */ = {isa = PBXFileReference; lastKnownFileType = image.png; name = GuidanceTabIcon.png; path = Resource/TabIcons/GuidanceTabIcon.png; sourceTree = "<group>"; };
		9368416B183AFBE400A63472 /* InfoTabIcon.png */ = {isa = PBXFileReference; lastKnownFileType = image.png; name = InfoTabIcon.png; path = Resource/TabIcons/InfoTabIcon.png; sourceTree = "<group>"; };
		9368416C183AFBE400A63472 /* MoreTabIcon.png */ = {isa = PBXFileReference; lastKnownFileType = image.png; name = MoreTabIcon.png; path = Resource/TabIcons/MoreTabIcon.png; sourceTree = "<group>"; };
		9368416D183AFBE400A63472 /* StrategyTabIcon.png */ = {isa = PBXFileReference; lastKnownFileType = image.png; name = StrategyTabIcon.png; path = Resource/TabIcons/StrategyTabIcon.png; sourceTree = "<group>"; };
		93684172183AFCAB00A63472 /* NotificationsTabIcon.png */ = {isa = PBXFileReference; lastKnownFileType = image.png; name = NotificationsTabIcon.png; path = Resource/TabIcons/NotificationsTabIcon.png; sourceTree = "<group>"; };
		93684174183B00A100A63472 /* GuidanceTabIcon@2x.png */ = {isa = PBXFileReference; lastKnownFileType = image.png; name = "GuidanceTabIcon@2x.png"; path = "Resource/TabIcons/GuidanceTabIcon@2x.png"; sourceTree = "<group>"; };
		93684175183B00A100A63472 /* InfoTabIcon@2x.png */ = {isa = PBXFileReference; lastKnownFileType = image.png; name = "InfoTabIcon@2x.png"; path = "Resource/TabIcons/InfoTabIcon@2x.png"; sourceTree = "<group>"; };
		93684176183B00A100A63472 /* MoreTabIcon@2x.png */ = {isa = PBXFileReference; lastKnownFileType = image.png; name = "MoreTabIcon@2x.png"; path = "Resource/TabIcons/MoreTabIcon@2x.png"; sourceTree = "<group>"; };
		93684177183B00A100A63472 /* NotificationsTabIcon@2x.png */ = {isa = PBXFileReference; lastKnownFileType = image.png; name = "NotificationsTabIcon@2x.png"; path = "Resource/TabIcons/NotificationsTabIcon@2x.png"; sourceTree = "<group>"; };
		93684178183B00A100A63472 /* StrategyTabIcon@2x.png */ = {isa = PBXFileReference; lastKnownFileType = image.png; name = "StrategyTabIcon@2x.png"; path = "Resource/TabIcons/StrategyTabIcon@2x.png"; sourceTree = "<group>"; };
		938D4401183BAB2300608668 /* NotificationsTableCell.h */ = {isa = PBXFileReference; fileEncoding = 4; lastKnownFileType = sourcecode.c.h; name = NotificationsTableCell.h; path = NotificationsTab/NotificationsTableCell/NotificationsTableCell.h; sourceTree = "<group>"; };
		938D4402183BAB2300608668 /* NotificationsTableCell.m */ = {isa = PBXFileReference; fileEncoding = 4; lastKnownFileType = sourcecode.c.objc; name = NotificationsTableCell.m; path = NotificationsTab/NotificationsTableCell/NotificationsTableCell.m; sourceTree = "<group>"; };
		938D4406183BAB9800608668 /* NotificationsTableCell.xib */ = {isa = PBXFileReference; fileEncoding = 4; lastKnownFileType = file.xib; name = NotificationsTableCell.xib; path = NotificationsTab/NotificationsTableCell/NotificationsTableCell.xib; sourceTree = "<group>"; };
		938D4409183BAC4500608668 /* pushdetailbg.png */ = {isa = PBXFileReference; lastKnownFileType = image.png; name = pushdetailbg.png; path = Resource/NotificationsIcon/pushdetailbg.png; sourceTree = "<group>"; };
		938D440A183BAC4500608668 /* pushdetailbg@2x.png */ = {isa = PBXFileReference; lastKnownFileType = image.png; name = "pushdetailbg@2x.png"; path = "Resource/NotificationsIcon/pushdetailbg@2x.png"; sourceTree = "<group>"; };
		938D440B183BAC4500608668 /* pushlogo.png */ = {isa = PBXFileReference; lastKnownFileType = image.png; name = pushlogo.png; path = Resource/NotificationsIcon/pushlogo.png; sourceTree = "<group>"; };
		938D440C183BAC4500608668 /* pushmessagebg.png */ = {isa = PBXFileReference; lastKnownFileType = image.png; name = pushmessagebg.png; path = Resource/NotificationsIcon/pushmessagebg.png; sourceTree = "<group>"; };
		938D4411183BB15100608668 /* DetailMessageInfoView.xib */ = {isa = PBXFileReference; fileEncoding = 4; lastKnownFileType = file.xib; name = DetailMessageInfoView.xib; path = NotificationsTab/DetailMessageInfoView.xib; sourceTree = "<group>"; };
		938D4412183BB15100608668 /* DetailMessageInfoViewController.h */ = {isa = PBXFileReference; fileEncoding = 4; lastKnownFileType = sourcecode.c.h; name = DetailMessageInfoViewController.h; path = NotificationsTab/DetailMessageInfoViewController.h; sourceTree = "<group>"; };
		938D4413183BB15100608668 /* DetailMessageInfoViewController.m */ = {isa = PBXFileReference; fileEncoding = 4; lastKnownFileType = sourcecode.c.objc; name = DetailMessageInfoViewController.m; path = NotificationsTab/DetailMessageInfoViewController.m; sourceTree = "<group>"; };
		939146A21835C472004C4AAE /* JobsCenter.app */ = {isa = PBXFileReference; explicitFileType = wrapper.application; includeInIndex = 0; path = JobsCenter.app; sourceTree = BUILT_PRODUCTS_DIR; };
		939146A51835C472004C4AAE /* UIKit.framework */ = {isa = PBXFileReference; lastKnownFileType = wrapper.framework; name = UIKit.framework; path = System/Library/Frameworks/UIKit.framework; sourceTree = SDKROOT; };
		939146A71835C472004C4AAE /* Foundation.framework */ = {isa = PBXFileReference; lastKnownFileType = wrapper.framework; name = Foundation.framework; path = System/Library/Frameworks/Foundation.framework; sourceTree = SDKROOT; };
		939146A91835C472004C4AAE /* CoreGraphics.framework */ = {isa = PBXFileReference; lastKnownFileType = wrapper.framework; name = CoreGraphics.framework; path = System/Library/Frameworks/CoreGraphics.framework; sourceTree = SDKROOT; };
		939146D61835C472004C4AAE /* JobsCenterTests.octest */ = {isa = PBXFileReference; explicitFileType = wrapper.cfbundle; includeInIndex = 0; path = JobsCenterTests.octest; sourceTree = BUILT_PRODUCTS_DIR; };
		939146D71835C472004C4AAE /* SenTestingKit.framework */ = {isa = PBXFileReference; lastKnownFileType = wrapper.framework; name = SenTestingKit.framework; path = Library/Frameworks/SenTestingKit.framework; sourceTree = DEVELOPER_DIR; };
		939146DF1835C472004C4AAE /* JobsCenterTests-Info.plist */ = {isa = PBXFileReference; lastKnownFileType = text.plist.xml; path = "JobsCenterTests-Info.plist"; sourceTree = "<group>"; };
		939146E11835C472004C4AAE /* en */ = {isa = PBXFileReference; lastKnownFileType = text.plist.strings; name = en; path = en.lproj/InfoPlist.strings; sourceTree = "<group>"; };
		939146E31835C472004C4AAE /* JobsCenterTests.h */ = {isa = PBXFileReference; lastKnownFileType = sourcecode.c.h; path = JobsCenterTests.h; sourceTree = "<group>"; };
		939146E41835C472004C4AAE /* JobsCenterTests.m */ = {isa = PBXFileReference; lastKnownFileType = sourcecode.c.objc; path = JobsCenterTests.m; sourceTree = "<group>"; };
		939146F61835C544004C4AAE /* Default-568h@2x.png */ = {isa = PBXFileReference; lastKnownFileType = image.png; name = "Default-568h@2x.png"; path = "Resource/Default-568h@2x.png"; sourceTree = "<group>"; };
		939146F71835C544004C4AAE /* Default.png */ = {isa = PBXFileReference; lastKnownFileType = image.png; name = Default.png; path = Resource/Default.png; sourceTree = "<group>"; };
		939146F81835C544004C4AAE /* Default@2x.png */ = {isa = PBXFileReference; lastKnownFileType = image.png; name = "Default@2x.png"; path = "Resource/Default@2x.png"; sourceTree = "<group>"; };
		939146F91835C544004C4AAE /* first.png */ = {isa = PBXFileReference; lastKnownFileType = image.png; name = first.png; path = Resource/first.png; sourceTree = "<group>"; };
		939146FA1835C544004C4AAE /* first@2x.png */ = {isa = PBXFileReference; lastKnownFileType = image.png; name = "first@2x.png"; path = "Resource/first@2x.png"; sourceTree = "<group>"; };
		939146FB1835C544004C4AAE /* second.png */ = {isa = PBXFileReference; lastKnownFileType = image.png; name = second.png; path = Resource/second.png; sourceTree = "<group>"; };
		939146FC1835C544004C4AAE /* second@2x.png */ = {isa = PBXFileReference; lastKnownFileType = image.png; name = "second@2x.png"; path = "Resource/second@2x.png"; sourceTree = "<group>"; };
		93A7EC9A1839EE65007835BB /* EGORefreshTableHeaderView.h */ = {isa = PBXFileReference; fileEncoding = 4; lastKnownFileType = sourcecode.c.h; name = EGORefreshTableHeaderView.h; path = Lib/RefreshTableHeaderView/EGORefreshTableHeaderView.h; sourceTree = "<group>"; };
		93A7EC9B1839EE65007835BB /* EGORefreshTableHeaderView.m */ = {isa = PBXFileReference; fileEncoding = 4; lastKnownFileType = sourcecode.c.objc; name = EGORefreshTableHeaderView.m; path = Lib/RefreshTableHeaderView/EGORefreshTableHeaderView.m; sourceTree = "<group>"; };
		93A7ECA9183A0470007835BB /* EnLoadingMoreView.h */ = {isa = PBXFileReference; fileEncoding = 4; lastKnownFileType = sourcecode.c.h; name = EnLoadingMoreView.h; path = Lib/EnLoadingMoreView/EnLoadingMoreView.h; sourceTree = "<group>"; };
		93A7ECAA183A0470007835BB /* EnLoadingMoreView.m */ = {isa = PBXFileReference; fileEncoding = 4; lastKnownFileType = sourcecode.c.objc; name = EnLoadingMoreView.m; path = Lib/EnLoadingMoreView/EnLoadingMoreView.m; sourceTree = "<group>"; };
		93A7ECAC183A4C7A007835BB /* GuidanceViewController.h */ = {isa = PBXFileReference; fileEncoding = 4; lastKnownFileType = sourcecode.c.h; name = GuidanceViewController.h; path = GuidanceTab/Controller/GuidanceViewController.h; sourceTree = "<group>"; };
		93A7ECAD183A4C7A007835BB /* GuidanceViewController.m */ = {isa = PBXFileReference; fileEncoding = 4; lastKnownFileType = sourcecode.c.objc; name = GuidanceViewController.m; path = GuidanceTab/Controller/GuidanceViewController.m; sourceTree = "<group>"; };
		93A7ECAF183A4D41007835BB /* Jobs_RENDAAppDelegate.h */ = {isa = PBXFileReference; fileEncoding = 4; lastKnownFileType = sourcecode.c.h; path = Jobs_RENDAAppDelegate.h; sourceTree = "<group>"; };
		93A7ECB0183A4D41007835BB /* Jobs_RENDAAppDelegate.m */ = {isa = PBXFileReference; fileEncoding = 4; lastKnownFileType = sourcecode.c.objc; path = Jobs_RENDAAppDelegate.m; sourceTree = "<group>"; };
		93A7ECB1183A4D41007835BB /* MainStoryboard_iPad.storyboard */ = {isa = PBXFileReference; fileEncoding = 4; lastKnownFileType = file.storyboard; path = MainStoryboard_iPad.storyboard; sourceTree = "<group>"; };
		93A7ECB2183A4D41007835BB /* MainStoryboard_iPhone.storyboard */ = {isa = PBXFileReference; fileEncoding = 4; lastKnownFileType = file.storyboard; path = MainStoryboard_iPhone.storyboard; sourceTree = "<group>"; };
		93FA0C4F1837523700C5EDC4 /* InfoPlist.strings */ = {isa = PBXFileReference; fileEncoding = 4; lastKnownFileType = text.plist.strings; name = InfoPlist.strings; path = "Supporting Files/InfoPlist.strings"; sourceTree = "<group>"; };
		93FA0C521837523700C5EDC4 /* JobsCenter-Info.plist */ = {isa = PBXFileReference; fileEncoding = 4; lastKnownFileType = text.plist.xml; name = "JobsCenter-Info.plist"; path = "Supporting Files/JobsCenter-Info.plist"; sourceTree = "<group>"; };
		93FA0C531837523700C5EDC4 /* JobsCenter-Prefix.pch */ = {isa = PBXFileReference; fileEncoding = 4; lastKnownFileType = sourcecode.c.h; name = "JobsCenter-Prefix.pch"; path = "Supporting Files/JobsCenter-Prefix.pch"; sourceTree = "<group>"; };
		93FA0C541837523700C5EDC4 /* main.m */ = {isa = PBXFileReference; fileEncoding = 4; lastKnownFileType = sourcecode.c.objc; name = main.m; path = "Supporting Files/main.m"; sourceTree = "<group>"; };
		93FA0C5D1837C41500C5EDC4 /* InfoURLHelper.h */ = {isa = PBXFileReference; fileEncoding = 4; lastKnownFileType = sourcecode.c.h; name = InfoURLHelper.h; path = Helpers/InfoURLHelper.h; sourceTree = "<group>"; };
		93FA0C5E1837C41500C5EDC4 /* InfoURLHelper.m */ = {isa = PBXFileReference; fileEncoding = 4; lastKnownFileType = sourcecode.c.objc; name = InfoURLHelper.m; path = Helpers/InfoURLHelper.m; sourceTree = "<group>"; };
		93FA0C7C1837D43F00C5EDC4 /* blackArrow.png */ = {isa = PBXFileReference; lastKnownFileType = image.png; name = blackArrow.png; path = Resource/blackArrow.png; sourceTree = "<group>"; };
		93FA0C7D1837D43F00C5EDC4 /* blackArrow@2x.png */ = {isa = PBXFileReference; lastKnownFileType = image.png; name = "blackArrow@2x.png"; path = "Resource/blackArrow@2x.png"; sourceTree = "<group>"; };
		93FA0C7E1837D43F00C5EDC4 /* blueArrow.png */ = {isa = PBXFileReference; lastKnownFileType = image.png; name = blueArrow.png; path = Resource/blueArrow.png; sourceTree = "<group>"; };
		93FA0C7F1837D43F00C5EDC4 /* blueArrow@2x.png */ = {isa = PBXFileReference; lastKnownFileType = image.png; name = "blueArrow@2x.png"; path = "Resource/blueArrow@2x.png"; sourceTree = "<group>"; };
		93FA0C841837D44B00C5EDC4 /* grayArrow.png */ = {isa = PBXFileReference; lastKnownFileType = image.png; name = grayArrow.png; path = Resource/grayArrow.png; sourceTree = "<group>"; };
		93FA0C851837D44B00C5EDC4 /* grayArrow@2x.png */ = {isa = PBXFileReference; lastKnownFileType = image.png; name = "grayArrow@2x.png"; path = "Resource/grayArrow@2x.png"; sourceTree = "<group>"; };
		93FA0C881837D45500C5EDC4 /* whiteArrow.png */ = {isa = PBXFileReference; lastKnownFileType = image.png; name = whiteArrow.png; path = Resource/whiteArrow.png; sourceTree = "<group>"; };
		93FA0C891837D45500C5EDC4 /* whiteArrow@2x.png */ = {isa = PBXFileReference; lastKnownFileType = image.png; name = "whiteArrow@2x.png"; path = "Resource/whiteArrow@2x.png"; sourceTree = "<group>"; };
		93FA0C8C1837D6AE00C5EDC4 /* QuartzCore.framework */ = {isa = PBXFileReference; lastKnownFileType = wrapper.framework; name = QuartzCore.framework; path = System/Library/Frameworks/QuartzCore.framework; sourceTree = SDKROOT; };
/* End PBXFileReference section */

/* Begin PBXFrameworksBuildPhase section */
		9391469F1835C472004C4AAE /* Frameworks */ = {
			isa = PBXFrameworksBuildPhase;
			buildActionMask = 2147483647;
			files = (
				93FA0C8D1837D6AE00C5EDC4 /* QuartzCore.framework in Frameworks */,
				939146A61835C472004C4AAE /* UIKit.framework in Frameworks */,
				939146A81835C472004C4AAE /* Foundation.framework in Frameworks */,
				939146AA1835C472004C4AAE /* CoreGraphics.framework in Frameworks */,
			);
			runOnlyForDeploymentPostprocessing = 0;
		};
		939146D21835C472004C4AAE /* Frameworks */ = {
			isa = PBXFrameworksBuildPhase;
			buildActionMask = 2147483647;
			files = (
				939146D81835C472004C4AAE /* SenTestingKit.framework in Frameworks */,
				939146D91835C472004C4AAE /* UIKit.framework in Frameworks */,
				939146DA1835C472004C4AAE /* Foundation.framework in Frameworks */,
			);
			runOnlyForDeploymentPostprocessing = 0;
		};
/* End PBXFrameworksBuildPhase section */

/* Begin PBXGroup section */
		93684154183AF17800A63472 /* StrategyTab */ = {
			isa = PBXGroup;
			children = (
				93684157183AF25B00A63472 /* StrategyViewController.h */,
				93684158183AF25B00A63472 /* StrategyViewController.m */,
			);
			name = StrategyTab;
			sourceTree = "<group>";
		};
		93684155183AF1DB00A63472 /* InfoTab */ = {
			isa = PBXGroup;
			children = (
				93684160183AF46000A63472 /* InfoViewController.h */,
				93684161183AF46000A63472 /* InfoViewController.m */,
			);
			name = InfoTab;
			sourceTree = "<group>";
		};
		93684156183AF1F200A63472 /* MoreTab */ = {
			isa = PBXGroup;
			children = (
				9368415D183AF41A00A63472 /* MoreViewController.h */,
				9368415E183AF41A00A63472 /* MoreViewController.m */,
			);
			name = MoreTab;
			sourceTree = "<group>";
		};
		93684169183AFBCC00A63472 /* TabIcons */ = {
			isa = PBXGroup;
			children = (
				93684174183B00A100A63472 /* GuidanceTabIcon@2x.png */,
				93684175183B00A100A63472 /* InfoTabIcon@2x.png */,
				93684176183B00A100A63472 /* MoreTabIcon@2x.png */,
				93684177183B00A100A63472 /* NotificationsTabIcon@2x.png */,
				93684178183B00A100A63472 /* StrategyTabIcon@2x.png */,
				93684172183AFCAB00A63472 /* NotificationsTabIcon.png */,
				9368416A183AFBE400A63472 /* GuidanceTabIcon.png */,
				9368416B183AFBE400A63472 /* InfoTabIcon.png */,
				9368416C183AFBE400A63472 /* MoreTabIcon.png */,
				9368416D183AFBE400A63472 /* StrategyTabIcon.png */,
			);
			name = TabIcons;
			sourceTree = "<group>";
		};
		938D4400183BAA5600608668 /* NotificationsTableCell */ = {
			isa = PBXGroup;
			children = (
				938D4406183BAB9800608668 /* NotificationsTableCell.xib */,
				938D4401183BAB2300608668 /* NotificationsTableCell.h */,
				938D4402183BAB2300608668 /* NotificationsTableCell.m */,
			);
			name = NotificationsTableCell;
			sourceTree = "<group>";
		};
		938D4408183BAC3A00608668 /* NotificationsIcon */ = {
			isa = PBXGroup;
			children = (
				938D4409183BAC4500608668 /* pushdetailbg.png */,
				938D440A183BAC4500608668 /* pushdetailbg@2x.png */,
				938D440B183BAC4500608668 /* pushlogo.png */,
				938D440C183BAC4500608668 /* pushmessagebg.png */,
			);
			name = NotificationsIcon;
			sourceTree = "<group>";
		};
		939146991835C472004C4AAE = {
			isa = PBXGroup;
			children = (
				93A7EC981839EE19007835BB /* Lib */,
				939146EE1835C47A004C4AAE /* Resource */,
				939146AB1835C472004C4AAE /* JobsCenter */,
				939146DD1835C472004C4AAE /* JobsCenterTests */,
				939146A41835C472004C4AAE /* Frameworks */,
				939146A31835C472004C4AAE /* Products */,
			);
			sourceTree = "<group>";
		};
		939146A31835C472004C4AAE /* Products */ = {
			isa = PBXGroup;
			children = (
				939146A21835C472004C4AAE /* JobsCenter.app */,
				939146D61835C472004C4AAE /* JobsCenterTests.octest */,
			);
			name = Products;
			sourceTree = "<group>";
		};
		939146A41835C472004C4AAE /* Frameworks */ = {
			isa = PBXGroup;
			children = (
				93FA0C8C1837D6AE00C5EDC4 /* QuartzCore.framework */,
				939146A51835C472004C4AAE /* UIKit.framework */,
				939146A71835C472004C4AAE /* Foundation.framework */,
				939146A91835C472004C4AAE /* CoreGraphics.framework */,
				939146D71835C472004C4AAE /* SenTestingKit.framework */,
			);
			name = Frameworks;
			sourceTree = "<group>";
		};
		939146AB1835C472004C4AAE /* JobsCenter */ = {
			isa = PBXGroup;
			children = (
				93684156183AF1F200A63472 /* MoreTab */,
				93684155183AF1DB00A63472 /* InfoTab */,
				93684154183AF17800A63472 /* StrategyTab */,
				93A7ECAF183A4D41007835BB /* Jobs_RENDAAppDelegate.h */,
				93A7ECB0183A4D41007835BB /* Jobs_RENDAAppDelegate.m */,
				93A7ECB1183A4D41007835BB /* MainStoryboard_iPad.storyboard */,
				93A7ECB2183A4D41007835BB /* MainStoryboard_iPhone.storyboard */,
				93FA0C611837C50E00C5EDC4 /* GuidanceTab */,
				93FA0C601837C4F100C5EDC4 /* NotificationsTab */,
				93FA0C4E1837516500C5EDC4 /* Helpers */,
				939146AC1835C472004C4AAE /* Supporting Files */,
			);
			path = JobsCenter;
			sourceTree = "<group>";
		};
		939146AC1835C472004C4AAE /* Supporting Files */ = {
			isa = PBXGroup;
			children = (
				93FA0C4F1837523700C5EDC4 /* InfoPlist.strings */,
				93FA0C521837523700C5EDC4 /* JobsCenter-Info.plist */,
				93FA0C531837523700C5EDC4 /* JobsCenter-Prefix.pch */,
				93FA0C541837523700C5EDC4 /* main.m */,
			);
			name = "Supporting Files";
			sourceTree = "<group>";
		};
		939146DD1835C472004C4AAE /* JobsCenterTests */ = {
			isa = PBXGroup;
			children = (
				939146E31835C472004C4AAE /* JobsCenterTests.h */,
				939146E41835C472004C4AAE /* JobsCenterTests.m */,
				939146DE1835C472004C4AAE /* Supporting Files */,
			);
			path = JobsCenterTests;
			sourceTree = "<group>";
		};
		939146DE1835C472004C4AAE /* Supporting Files */ = {
			isa = PBXGroup;
			children = (
				939146DF1835C472004C4AAE /* JobsCenterTests-Info.plist */,
				939146E01835C472004C4AAE /* InfoPlist.strings */,
			);
			name = "Supporting Files";
			sourceTree = "<group>";
		};
		939146EE1835C47A004C4AAE /* Resource */ = {
			isa = PBXGroup;
			children = (
				938D4408183BAC3A00608668 /* NotificationsIcon */,
				93684169183AFBCC00A63472 /* TabIcons */,
				93FA0C881837D45500C5EDC4 /* whiteArrow.png */,
				93FA0C891837D45500C5EDC4 /* whiteArrow@2x.png */,
				93FA0C841837D44B00C5EDC4 /* grayArrow.png */,
				93FA0C851837D44B00C5EDC4 /* grayArrow@2x.png */,
				93FA0C7C1837D43F00C5EDC4 /* blackArrow.png */,
				93FA0C7D1837D43F00C5EDC4 /* blackArrow@2x.png */,
				93FA0C7E1837D43F00C5EDC4 /* blueArrow.png */,
				93FA0C7F1837D43F00C5EDC4 /* blueArrow@2x.png */,
				939146F61835C544004C4AAE /* Default-568h@2x.png */,
				939146F71835C544004C4AAE /* Default.png */,
				939146F81835C544004C4AAE /* Default@2x.png */,
				939146F91835C544004C4AAE /* first.png */,
				939146FA1835C544004C4AAE /* first@2x.png */,
				939146FB1835C544004C4AAE /* second.png */,
				939146FC1835C544004C4AAE /* second@2x.png */,
			);
			name = Resource;
			sourceTree = "<group>";
		};
		93A7EC981839EE19007835BB /* Lib */ = {
			isa = PBXGroup;
			children = (
				93A7ECA8183A0447007835BB /* EnLoadingMoreView */,
				93A7EC991839EE29007835BB /* RefreshTableHeaderView */,
			);
			name = Lib;
			sourceTree = "<group>";
		};
		93A7EC991839EE29007835BB /* RefreshTableHeaderView */ = {
			isa = PBXGroup;
			children = (
				93A7EC9A1839EE65007835BB /* EGORefreshTableHeaderView.h */,
				93A7EC9B1839EE65007835BB /* EGORefreshTableHeaderView.m */,
			);
			name = RefreshTableHeaderView;
			sourceTree = "<group>";
		};
		93A7ECA8183A0447007835BB /* EnLoadingMoreView */ = {
			isa = PBXGroup;
			children = (
				93A7ECA9183A0470007835BB /* EnLoadingMoreView.h */,
				93A7ECAA183A0470007835BB /* EnLoadingMoreView.m */,
			);
			name = EnLoadingMoreView;
			sourceTree = "<group>";
		};
		93FA0C4E1837516500C5EDC4 /* Helpers */ = {
			isa = PBXGroup;
			children = (
				93FA0C5D1837C41500C5EDC4 /* InfoURLHelper.h */,
				93FA0C5E1837C41500C5EDC4 /* InfoURLHelper.m */,
			);
			name = Helpers;
			sourceTree = "<group>";
		};
		93FA0C601837C4F100C5EDC4 /* NotificationsTab */ = {
			isa = PBXGroup;
			children = (
				938D4411183BB15100608668 /* DetailMessageInfoView.xib */,
				938D4412183BB15100608668 /* DetailMessageInfoViewController.h */,
				938D4413183BB15100608668 /* DetailMessageInfoViewController.m */,
				938D4400183BAA5600608668 /* NotificationsTableCell */,
				9368415A183AF34800A63472 /* NotificationsViewController.h */,
				9368415B183AF34800A63472 /* NotificationsViewController.m */,
			);
			name = NotificationsTab;
			sourceTree = "<group>";
		};
		93FA0C611837C50E00C5EDC4 /* GuidanceTab */ = {
			isa = PBXGroup;
			children = (
				93FA0C6F1837CF3B00C5EDC4 /* Delegate */,
				93FA0C6E1837CF2B00C5EDC4 /* View */,
				93FA0C6D1837CF1500C5EDC4 /* Controller */,
			);
			name = GuidanceTab;
			sourceTree = "<group>";
		};
		93FA0C6D1837CF1500C5EDC4 /* Controller */ = {
			isa = PBXGroup;
			children = (
				93A7ECAC183A4C7A007835BB /* GuidanceViewController.h */,
				93A7ECAD183A4C7A007835BB /* GuidanceViewController.m */,
			);
			name = Controller;
			sourceTree = "<group>";
		};
		93FA0C6E1837CF2B00C5EDC4 /* View */ = {
			isa = PBXGroup;
			children = (
			);
			name = View;
			sourceTree = "<group>";
		};
		93FA0C6F1837CF3B00C5EDC4 /* Delegate */ = {
			isa = PBXGroup;
			children = (
			);
			name = Delegate;
			sourceTree = "<group>";
		};
/* End PBXGroup section */

/* Begin PBXNativeTarget section */
		939146A11835C472004C4AAE /* JobsCenter */ = {
			isa = PBXNativeTarget;
			buildConfigurationList = 939146E81835C472004C4AAE /* Build configuration list for PBXNativeTarget "JobsCenter" */;
			buildPhases = (
				9391469E1835C472004C4AAE /* Sources */,
				9391469F1835C472004C4AAE /* Frameworks */,
				939146A01835C472004C4AAE /* Resources */,
			);
			buildRules = (
			);
			dependencies = (
			);
			name = JobsCenter;
			productName = JobsCenter;
			productReference = 939146A21835C472004C4AAE /* JobsCenter.app */;
			productType = "com.apple.product-type.application";
		};
		939146D51835C472004C4AAE /* JobsCenterTests */ = {
			isa = PBXNativeTarget;
			buildConfigurationList = 939146EB1835C472004C4AAE /* Build configuration list for PBXNativeTarget "JobsCenterTests" */;
			buildPhases = (
				939146D11835C472004C4AAE /* Sources */,
				939146D21835C472004C4AAE /* Frameworks */,
				939146D31835C472004C4AAE /* Resources */,
				939146D41835C472004C4AAE /* ShellScript */,
			);
			buildRules = (
			);
			dependencies = (
				939146DC1835C472004C4AAE /* PBXTargetDependency */,
			);
			name = JobsCenterTests;
			productName = JobsCenterTests;
			productReference = 939146D61835C472004C4AAE /* JobsCenterTests.octest */;
			productType = "com.apple.product-type.bundle";
		};
/* End PBXNativeTarget section */

/* Begin PBXProject section */
		9391469A1835C472004C4AAE /* Project object */ = {
			isa = PBXProject;
			attributes = {
				CLASSPREFIX = Jobs.RENDA;
				LastUpgradeCheck = 0460;
				ORGANIZATIONNAME = Jobs;
				TargetAttributes = {
					939146A11835C472004C4AAE = {
						DevelopmentTeam = U4C6BW693M;
					};
				};
			};
			buildConfigurationList = 9391469D1835C472004C4AAE /* Build configuration list for PBXProject "JobsCenter" */;
			compatibilityVersion = "Xcode 3.2";
			developmentRegion = English;
			hasScannedForEncodings = 0;
			knownRegions = (
				en,
			);
			mainGroup = 939146991835C472004C4AAE;
			productRefGroup = 939146A31835C472004C4AAE /* Products */;
			projectDirPath = "";
			projectRoot = "";
			targets = (
				939146A11835C472004C4AAE /* JobsCenter */,
				939146D51835C472004C4AAE /* JobsCenterTests */,
			);
		};
/* End PBXProject section */

/* Begin PBXResourcesBuildPhase section */
		939146A01835C472004C4AAE /* Resources */ = {
			isa = PBXResourcesBuildPhase;
			buildActionMask = 2147483647;
			files = (
				93FA0C831837D43F00C5EDC4 /* blueArrow@2x.png in Resources */,
				93684171183AFBE400A63472 /* StrategyTabIcon.png in Resources */,
				93A7ECB4183A4D41007835BB /* MainStoryboard_iPad.storyboard in Resources */,
				93684170183AFBE400A63472 /* MoreTabIcon.png in Resources */,
				9368416F183AFBE400A63472 /* InfoTabIcon.png in Resources */,
				9368416E183AFBE400A63472 /* GuidanceTabIcon.png in Resources */,
				93FA0C5F1837C41500C5EDC4 /* InfoURLHelper.m in Resources */,
				93FA0C8B1837D45500C5EDC4 /* whiteArrow@2x.png in Resources */,
				938D440F183BAC4500608668 /* pushlogo.png in Resources */,
				938D4414183BB15100608668 /* DetailMessageInfoView.xib in Resources */,
				9368417D183B00A100A63472 /* StrategyTabIcon@2x.png in Resources */,
				93FA0C8A1837D45500C5EDC4 /* whiteArrow.png in Resources */,
				938D4407183BAB9800608668 /* NotificationsTableCell.xib in Resources */,
				939146FD1835C544004C4AAE /* Default-568h@2x.png in Resources */,
				9368417B183B00A100A63472 /* MoreTabIcon@2x.png in Resources */,
				93FA0C871837D44B00C5EDC4 /* grayArrow@2x.png in Resources */,
				93FA0C571837523700C5EDC4 /* InfoPlist.strings in Resources */,
				939146FE1835C544004C4AAE /* Default.png in Resources */,
				93FA0C861837D44B00C5EDC4 /* grayArrow.png in Resources */,
				9368417A183B00A100A63472 /* InfoTabIcon@2x.png in Resources */,
				93A7ECB5183A4D41007835BB /* MainStoryboard_iPhone.storyboard in Resources */,
				939146FF1835C544004C4AAE /* Default@2x.png in Resources */,
				938D440E183BAC4500608668 /* pushdetailbg@2x.png in Resources */,
				938D4410183BAC4500608668 /* pushmessagebg.png in Resources */,
				93FA0C801837D43F00C5EDC4 /* blackArrow.png in Resources */,
				93FA0C811837D43F00C5EDC4 /* blackArrow@2x.png in Resources */,
				939147001835C544004C4AAE /* first.png in Resources */,
				9368417C183B00A100A63472 /* NotificationsTabIcon@2x.png in Resources */,
				939147011835C544004C4AAE /* first@2x.png in Resources */,
				939147021835C544004C4AAE /* second.png in Resources */,
				93FA0C821837D43F00C5EDC4 /* blueArrow.png in Resources */,
				93FA0C591837523700C5EDC4 /* JobsCenter-Info.plist in Resources */,
				939147031835C544004C4AAE /* second@2x.png in Resources */,
				93684173183AFCAB00A63472 /* NotificationsTabIcon.png in Resources */,
				93684179183B00A100A63472 /* GuidanceTabIcon@2x.png in Resources */,
				938D440D183BAC4500608668 /* pushdetailbg.png in Resources */,
			);
			runOnlyForDeploymentPostprocessing = 0;
		};
		939146D31835C472004C4AAE /* Resources */ = {
			isa = PBXResourcesBuildPhase;
			buildActionMask = 2147483647;
			files = (
				939146E21835C472004C4AAE /* InfoPlist.strings in Resources */,
			);
			runOnlyForDeploymentPostprocessing = 0;
		};
/* End PBXResourcesBuildPhase section */

/* Begin PBXShellScriptBuildPhase section */
		939146D41835C472004C4AAE /* ShellScript */ = {
			isa = PBXShellScriptBuildPhase;
			buildActionMask = 2147483647;
			files = (
			);
			inputPaths = (
			);
			outputPaths = (
			);
			runOnlyForDeploymentPostprocessing = 0;
			shellPath = /bin/sh;
			shellScript = "# Run the unit tests in this test bundle.\n\"${SYSTEM_DEVELOPER_DIR}/Tools/RunUnitTests\"\n";
		};
/* End PBXShellScriptBuildPhase section */

/* Begin PBXSourcesBuildPhase section */
		9391469E1835C472004C4AAE /* Sources */ = {
			isa = PBXSourcesBuildPhase;
			buildActionMask = 2147483647;
			files = (
				93684159183AF25B00A63472 /* StrategyViewController.m in Sources */,
				9368415F183AF41A00A63472 /* MoreViewController.m in Sources */,
				93684162183AF46000A63472 /* InfoViewController.m in Sources */,
				938D4415183BB15100608668 /* DetailMessageInfoViewController.m in Sources */,
				938D4403183BAB2300608668 /* NotificationsTableCell.m in Sources */,
				93A7ECAE183A4C7A007835BB /* GuidanceViewController.m in Sources */,
				93A7EC9C1839EE65007835BB /* EGORefreshTableHeaderView.m in Sources */,
				9368415C183AF34800A63472 /* NotificationsViewController.m in Sources */,
				93A7ECAB183A0470007835BB /* EnLoadingMoreView.m in Sources */,
				93FA0C5A1837523700C5EDC4 /* main.m in Sources */,
				93A7ECB3183A4D41007835BB /* Jobs_RENDAAppDelegate.m in Sources */,
			);
			runOnlyForDeploymentPostprocessing = 0;
		};
		939146D11835C472004C4AAE /* Sources */ = {
			isa = PBXSourcesBuildPhase;
			buildActionMask = 2147483647;
			files = (
				939146E51835C472004C4AAE /* JobsCenterTests.m in Sources */,
			);
			runOnlyForDeploymentPostprocessing = 0;
		};
/* End PBXSourcesBuildPhase section */

/* Begin PBXTargetDependency section */
		939146DC1835C472004C4AAE /* PBXTargetDependency */ = {
			isa = PBXTargetDependency;
			target = 939146A11835C472004C4AAE /* JobsCenter */;
			targetProxy = 939146DB1835C472004C4AAE /* PBXContainerItemProxy */;
		};
/* End PBXTargetDependency section */

/* Begin PBXVariantGroup section */
		939146E01835C472004C4AAE /* InfoPlist.strings */ = {
			isa = PBXVariantGroup;
			children = (
				939146E11835C472004C4AAE /* en */,
			);
			name = InfoPlist.strings;
			sourceTree = "<group>";
		};
/* End PBXVariantGroup section */

/* Begin XCBuildConfiguration section */
		939146E61835C472004C4AAE /* Debug */ = {
			isa = XCBuildConfiguration;
			buildSettings = {
				ALWAYS_SEARCH_USER_PATHS = NO;
				CLANG_CXX_LANGUAGE_STANDARD = "gnu++0x";
				CLANG_CXX_LIBRARY = "libc++";
				CLANG_ENABLE_OBJC_ARC = YES;
				CLANG_WARN_CONSTANT_CONVERSION = YES;
				CLANG_WARN_EMPTY_BODY = YES;
				CLANG_WARN_ENUM_CONVERSION = YES;
				CLANG_WARN_INT_CONVERSION = YES;
				CLANG_WARN__DUPLICATE_METHOD_MATCH = YES;
				"CODE_SIGN_IDENTITY[sdk=iphoneos*]" = "iPhone Developer";
				COPY_PHASE_STRIP = NO;
				GCC_C_LANGUAGE_STANDARD = gnu99;
				GCC_DYNAMIC_NO_PIC = NO;
				GCC_OPTIMIZATION_LEVEL = 0;
				GCC_PREPROCESSOR_DEFINITIONS = (
					"DEBUG=1",
					"$(inherited)",
				);
				GCC_SYMBOLS_PRIVATE_EXTERN = NO;
				GCC_WARN_ABOUT_RETURN_TYPE = YES;
				GCC_WARN_UNINITIALIZED_AUTOS = YES;
				GCC_WARN_UNUSED_VARIABLE = YES;
				IPHONEOS_DEPLOYMENT_TARGET = 6.1;
				ONLY_ACTIVE_ARCH = YES;
				SDKROOT = iphoneos;
				TARGETED_DEVICE_FAMILY = "1,2";
			};
			name = Debug;
		};
		939146E71835C472004C4AAE /* Release */ = {
			isa = XCBuildConfiguration;
			buildSettings = {
				ALWAYS_SEARCH_USER_PATHS = NO;
				CLANG_CXX_LANGUAGE_STANDARD = "gnu++0x";
				CLANG_CXX_LIBRARY = "libc++";
				CLANG_ENABLE_OBJC_ARC = YES;
				CLANG_WARN_CONSTANT_CONVERSION = YES;
				CLANG_WARN_EMPTY_BODY = YES;
				CLANG_WARN_ENUM_CONVERSION = YES;
				CLANG_WARN_INT_CONVERSION = YES;
				CLANG_WARN__DUPLICATE_METHOD_MATCH = YES;
				"CODE_SIGN_IDENTITY[sdk=iphoneos*]" = "iPhone Developer";
				COPY_PHASE_STRIP = YES;
				GCC_C_LANGUAGE_STANDARD = gnu99;
				GCC_WARN_ABOUT_RETURN_TYPE = YES;
				GCC_WARN_UNINITIALIZED_AUTOS = YES;
				GCC_WARN_UNUSED_VARIABLE = YES;
				IPHONEOS_DEPLOYMENT_TARGET = 6.1;
				OTHER_CFLAGS = "-DNS_BLOCK_ASSERTIONS=1";
				SDKROOT = iphoneos;
				TARGETED_DEVICE_FAMILY = "1,2";
				VALIDATE_PRODUCT = YES;
			};
			name = Release;
		};
		939146E91835C472004C4AAE /* Debug */ = {
			isa = XCBuildConfiguration;
			buildSettings = {
				CODE_SIGN_IDENTITY = "iPhone Developer";
				"CODE_SIGN_IDENTITY[sdk=iphoneos*]" = "iPhone Developer";
				GCC_PRECOMPILE_PREFIX_HEADER = YES;
				GCC_PREFIX_HEADER = "JobsCenter/Supporting Files/JobsCenter-Prefix.pch";
				INFOPLIST_FILE = "JobsCenter/Supporting Files/JobsCenter-Info.plist";
				IPHONEOS_DEPLOYMENT_TARGET = 7.0;
				PRODUCT_NAME = "$(TARGET_NAME)";
				PROVISIONING_PROFILE = "";
				WRAPPER_EXTENSION = app;
			};
			name = Debug;
		};
		939146EA1835C472004C4AAE /* Release */ = {
			isa = XCBuildConfiguration;
			buildSettings = {
				CODE_SIGN_IDENTITY = "iPhone Developer";
				"CODE_SIGN_IDENTITY[sdk=iphoneos*]" = "iPhone Developer";
				GCC_PRECOMPILE_PREFIX_HEADER = YES;
				GCC_PREFIX_HEADER = "JobsCenter/Supporting Files/JobsCenter-Prefix.pch";
				INFOPLIST_FILE = "JobsCenter/Supporting Files/JobsCenter-Info.plist";
				IPHONEOS_DEPLOYMENT_TARGET = 7.0;
				PRODUCT_NAME = "$(TARGET_NAME)";
				PROVISIONING_PROFILE = "";
				WRAPPER_EXTENSION = app;
			};
			name = Release;
		};
		939146EC1835C472004C4AAE /* Debug */ = {
			isa = XCBuildConfiguration;
			buildSettings = {
				BUNDLE_LOADER = "$(BUILT_PRODUCTS_DIR)/JobsCenter.app/JobsCenter";
				FRAMEWORK_SEARCH_PATHS = (
					"\"$(SDKROOT)/Developer/Library/Frameworks\"",
					"\"$(DEVELOPER_LIBRARY_DIR)/Frameworks\"",
				);
				GCC_PRECOMPILE_PREFIX_HEADER = YES;
				GCC_PREFIX_HEADER = "JobsCenter/JobsCenter-Prefix.pch";
				INFOPLIST_FILE = "JobsCenterTests/JobsCenterTests-Info.plist";
				PRODUCT_NAME = "$(TARGET_NAME)";
				TEST_HOST = "$(BUNDLE_LOADER)";
				WRAPPER_EXTENSION = octest;
			};
			name = Debug;
		};
		939146ED1835C472004C4AAE /* Release */ = {
			isa = XCBuildConfiguration;
			buildSettings = {
				BUNDLE_LOADER = "$(BUILT_PRODUCTS_DIR)/JobsCenter.app/JobsCenter";
				FRAMEWORK_SEARCH_PATHS = (
					"\"$(SDKROOT)/Developer/Library/Frameworks\"",
					"\"$(DEVELOPER_LIBRARY_DIR)/Frameworks\"",
				);
				GCC_PRECOMPILE_PREFIX_HEADER = YES;
				GCC_PREFIX_HEADER = "JobsCenter/JobsCenter-Prefix.pch";
				INFOPLIST_FILE = "JobsCenterTests/JobsCenterTests-Info.plist";
				PRODUCT_NAME = "$(TARGET_NAME)";
				TEST_HOST = "$(BUNDLE_LOADER)";
				WRAPPER_EXTENSION = octest;
			};
			name = Release;
		};
/* End XCBuildConfiguration section */

/* Begin XCConfigurationList section */
		9391469D1835C472004C4AAE /* Build configuration list for PBXProject "JobsCenter" */ = {
			isa = XCConfigurationList;
			buildConfigurations = (
				939146E61835C472004C4AAE /* Debug */,
				939146E71835C472004C4AAE /* Release */,
			);
			defaultConfigurationIsVisible = 0;
			defaultConfigurationName = Release;
		};
		939146E81835C472004C4AAE /* Build configuration list for PBXNativeTarget "JobsCenter" */ = {
			isa = XCConfigurationList;
			buildConfigurations = (
				939146E91835C472004C4AAE /* Debug */,
				939146EA1835C472004C4AAE /* Release */,
			);
			defaultConfigurationIsVisible = 0;
			defaultConfigurationName = Release;
		};
		939146EB1835C472004C4AAE /* Build configuration list for PBXNativeTarget "JobsCenterTests" */ = {
			isa = XCConfigurationList;
			buildConfigurations = (
				939146EC1835C472004C4AAE /* Debug */,
				939146ED1835C472004C4AAE /* Release */,
			);
			defaultConfigurationIsVisible = 0;
			defaultConfigurationName = Release;
		};
/* End XCConfigurationList section */
	};
	rootObject = 9391469A1835C472004C4AAE /* Project object */;
}
